
Microsoft Visual Studio Solution File, Format Version 10.00
# Visual C# Express 2008
Project("{FAE04EC0-301F-11D3-BF4B-00C04F79EFBC}") = "HVPFC2PHIL", "GUI_Template\HVPFC2PHIL.csproj", "{2A612B2F-83DB-4EA6-ABE7-4546CAB17641}"
EndProject
Global
	GlobalSection(SolutionConfigurationPlatforms) = preSolution
		Debug|Any CPU = Debug|Any CPU
		Release|Any CPU = Release|Any CPU
	EndGlobalSection
	GlobalSection(ProjectConfigurationPlatforms) = postSolution
		{2A612B2F-83DB-4EA6-ABE7-4546CAB17641}.Debug|Any CPU.ActiveCfg = Debug|Any CPU
		{2A612B2F-83DB-4EA6-ABE7-4546CAB17641}.Debug|Any CPU.Build.0 = Debug|Any CPU
		{2A612B2F-83DB-4EA6-ABE7-4546CAB17641}.Release|Any CPU.ActiveCfg = Release|Any CPU
		{2A612B2F-83DB-4EA6-ABE7-4546CAB17641}.Release|Any CPU.Build.0 = Release|Any CPU
	EndGlobalSection
	GlobalSection(SolutionProperties) = preSolution
		HideSolutionNode = FALSE
	EndGlobalSection
EndGlobal
